
Microsoft Visual Studio Solution File, Format Version 11.00
# Visual Studio 2010
Project("{FAE04EC0-301F-11D3-BF4B-00C04F79EFBC}") = "EasyWeibo.Model", "EasyWeibo.Model\EasyWeibo.Model.csproj", "{CC945456-937A-4E2C-8B20-92D97D2DDD54}"
EndProject
Project("{FAE04EC0-301F-11D3-BF4B-00C04F79EFBC}") = "EasyWeibo.App", "EasyWeibo.App\EasyWeibo.App.csproj", "{86EAF2D2-B2AE-47CF-B745-52CAE7EE83DD}"
EndProject
Project("{FAE04EC0-301F-11D3-BF4B-00C04F79EFBC}") = "EasyWeibo.DAL", "EasyWeibo.DAL\EasyWeibo.DAL.csproj", "{41A938E1-C5F6-4111-BCC0-6ECE411441C9}"
EndProject
Project("{FAE04EC0-301F-11D3-BF4B-00C04F79EFBC}") = "TopSdk", "taobao-sdk-net-online_standard-20130618-source\TopSdk.csproj", "{9C11CAE5-5188-4E71-825B-68FC3135728A}"
EndProject
Project("{FAE04EC0-301F-11D3-BF4B-00C04F79EFBC}") = "EasyWeibo.Helper", "EasyWeibo.Helper\EasyWeibo.Helper.csproj", "{1B386F13-E16D-4228-8086-7B74DCB8979F}"
EndProject
Project("{FAE04EC0-301F-11D3-BF4B-00C04F79EFBC}") = "EasyWeibo.BLL", "EasyWeibo.BLL\EasyWeibo.BLL.csproj", "{ECDA8E4B-3519-4852-A6DE-BBA6920602D7}"
EndProject
Project("{FAE04EC0-301F-11D3-BF4B-00C04F79EFBC}") = "EasyWeibo.BLL.Tests", "EasyWeibo.BLL.Tests\EasyWeibo.BLL.Tests.csproj", "{E0A0A02F-B10E-4263-AC47-15E410FF7480}"
EndProject
Project("{2150E333-8FDC-42A3-9474-1A3956D46DE8}") = "Solution Items", "Solution Items", "{1231CD67-D5A3-4849-886D-D55E55B47FDB}"
	ProjectSection(SolutionItems) = preProject
		EasyWeibo.vsmdi = EasyWeibo.vsmdi
		Local.testsettings = Local.testsettings
		TraceAndTestImpact.testsettings = TraceAndTestImpact.testsettings
	EndProjectSection
EndProject
Global
	GlobalSection(TestCaseManagementSettings) = postSolution
		CategoryFile = EasyWeibo.vsmdi
	EndGlobalSection
	GlobalSection(SolutionConfigurationPlatforms) = preSolution
		Debug|Any CPU = Debug|Any CPU
		Release|Any CPU = Release|Any CPU
	EndGlobalSection
	GlobalSection(ProjectConfigurationPlatforms) = postSolution
		{CC945456-937A-4E2C-8B20-92D97D2DDD54}.Debug|Any CPU.ActiveCfg = Debug|Any CPU
		{CC945456-937A-4E2C-8B20-92D97D2DDD54}.Debug|Any CPU.Build.0 = Debug|Any CPU
		{CC945456-937A-4E2C-8B20-92D97D2DDD54}.Release|Any CPU.ActiveCfg = Release|Any CPU
		{CC945456-937A-4E2C-8B20-92D97D2DDD54}.Release|Any CPU.Build.0 = Release|Any CPU
		{86EAF2D2-B2AE-47CF-B745-52CAE7EE83DD}.Debug|Any CPU.ActiveCfg = Debug|Any CPU
		{86EAF2D2-B2AE-47CF-B745-52CAE7EE83DD}.Debug|Any CPU.Build.0 = Debug|Any CPU
		{86EAF2D2-B2AE-47CF-B745-52CAE7EE83DD}.Release|Any CPU.ActiveCfg = Release|Any CPU
		{86EAF2D2-B2AE-47CF-B745-52CAE7EE83DD}.Release|Any CPU.Build.0 = Release|Any CPU
		{41A938E1-C5F6-4111-BCC0-6ECE411441C9}.Debug|Any CPU.ActiveCfg = Debug|Any CPU
		{41A938E1-C5F6-4111-BCC0-6ECE411441C9}.Debug|Any CPU.Build.0 = Debug|Any CPU
		{41A938E1-C5F6-4111-BCC0-6ECE411441C9}.Release|Any CPU.ActiveCfg = Release|Any CPU
		{41A938E1-C5F6-4111-BCC0-6ECE411441C9}.Release|Any CPU.Build.0 = Release|Any CPU
		{9C11CAE5-5188-4E71-825B-68FC3135728A}.Debug|Any CPU.ActiveCfg = Debug|Any CPU
		{9C11CAE5-5188-4E71-825B-68FC3135728A}.Debug|Any CPU.Build.0 = Debug|Any CPU
		{9C11CAE5-5188-4E71-825B-68FC3135728A}.Release|Any CPU.ActiveCfg = Release|Any CPU
		{9C11CAE5-5188-4E71-825B-68FC3135728A}.Release|Any CPU.Build.0 = Release|Any CPU
		{1B386F13-E16D-4228-8086-7B74DCB8979F}.Debug|Any CPU.ActiveCfg = Debug|Any CPU
		{1B386F13-E16D-4228-8086-7B74DCB8979F}.Debug|Any CPU.Build.0 = Debug|Any CPU
		{1B386F13-E16D-4228-8086-7B74DCB8979F}.Release|Any CPU.ActiveCfg = Release|Any CPU
		{1B386F13-E16D-4228-8086-7B74DCB8979F}.Release|Any CPU.Build.0 = Release|Any CPU
		{ECDA8E4B-3519-4852-A6DE-BBA6920602D7}.Debug|Any CPU.ActiveCfg = Debug|Any CPU
		{ECDA8E4B-3519-4852-A6DE-BBA6920602D7}.Debug|Any CPU.Build.0 = Debug|Any CPU
		{ECDA8E4B-3519-4852-A6DE-BBA6920602D7}.Release|Any CPU.ActiveCfg = Release|Any CPU
		{ECDA8E4B-3519-4852-A6DE-BBA6920602D7}.Release|Any CPU.Build.0 = Release|Any CPU
		{E0A0A02F-B10E-4263-AC47-15E410FF7480}.Debug|Any CPU.ActiveCfg = Debug|Any CPU
		{E0A0A02F-B10E-4263-AC47-15E410FF7480}.Debug|Any CPU.Build.0 = Debug|Any CPU
		{E0A0A02F-B10E-4263-AC47-15E410FF7480}.Release|Any CPU.ActiveCfg = Release|Any CPU
		{E0A0A02F-B10E-4263-AC47-15E410FF7480}.Release|Any CPU.Build.0 = Release|Any CPU
	EndGlobalSection
	GlobalSection(SolutionProperties) = preSolution
		HideSolutionNode = FALSE
	EndGlobalSection
EndGlobal
